{
  "name": "pattern-collector-routesjs-use",
  "version": "1.4.5",
  "lockfileVersion": 3,
  "requires": true,
  "packages": {
    "": {
      "name": "pattern-collector-routesjs-use",
      "version": "1.4.5",
      "dependencies": {
        "pattern-collector": "^1.5.11"
      }
    },
    "node_modules/pattern-collector": {
      "version": "1.5.11",
      "resolved": "https://registry.npmjs.org/pattern-collector/-/pattern-collector-1.5.11.tgz",
      "integrity": "sha512-O5hHoT0fM/ERzXpBPOIv4UUkDaHg3kiH5/mlcnwlUkiZrOIRXECRjDvKIvj4bFtyfVxkeDB7HqzwF1YtPB+3Jw=="
    }
  }
}
