{
  "name": "pattern-collector-routesjs-use",
  "version": "1.4.8",
  "lockfileVersion": 3,
  "requires": true,
  "packages": {
    "": {
      "name": "pattern-collector-routesjs-use",
      "version": "1.4.8",
      "dependencies": {
        "pattern-collector": "^1.5.14"
      }
    },
    "node_modules/pattern-collector": {
      "version": "1.5.14",
      "resolved": "https://registry.npmjs.org/pattern-collector/-/pattern-collector-1.5.14.tgz",
      "integrity": "sha512-bjhxim6lgFrsmR6DV7ARfUixSD17Xi5D9Nq2ADpE/Owf5UoRUe+Fhmv5D07UUoqQrRt97qubjMmJj2iOS3GmhA=="
    }
  }
}
