{
  "name": "pattern-collector-routesjs-use",
  "version": "1.4.6",
  "lockfileVersion": 3,
  "requires": true,
  "packages": {
    "": {
      "name": "pattern-collector-routesjs-use",
      "version": "1.4.6",
      "dependencies": {
        "pattern-collector": "^1.5.12"
      }
    },
    "node_modules/pattern-collector": {
      "version": "1.5.12",
      "resolved": "https://registry.npmjs.org/pattern-collector/-/pattern-collector-1.5.12.tgz",
      "integrity": "sha512-9/XDD2gyXwz+O2NBy2a8JZ7j0B/FBt9ndS82uS1/Jie8uC6xk/Ke3fY9yyUc0Hza+SwSjSAMXROTH7uJqlZtwA=="
    }
  }
}
